{
  "name": "@contribready/cli",
  "version": "0.1.0",
  "lockfileVersion": 3,
  "requires": true,
  "packages": {
    "": {
      "name": "@contribready/cli",
      "version": "0.1.0",
      "license": "MIT",
      "dependencies": {
        "@contribready/core": "0.1.0"
      },
      "bin": {
        "contribready": "dist/index.js"
      },
      "devDependencies": {
        "typescript": "^5.0.0"
      }
    },
    "../contribready-core": {
      "name": "@contribready/core",
      "version": "0.1.0",
      "license": "MIT",
      "devDependencies": {
        "typescript": "^5.9.3"
      }
    },
    "../contribready-core/node_modules/typescript": {
      "version": "5.9.3",
      "dev": true,
      "license": "Apache-2.0",
      "bin": {
        "tsc": "bin/tsc",
        "tsserver": "bin/tsserver"
      },
      "engines": {
        "node": ">=14.17"
      }
    },
    "node_modules/@contribready/core": {
      "resolved": "../contribready-core",
      "link": true
    },
    "node_modules/typescript": {
      "version": "5.9.3",
      "dev": true,
      "license": "Apache-2.0",
      "bin": {
        "tsc": "bin/tsc",
        "tsserver": "bin/tsserver"
      },
      "engines": {
        "node": ">=14.17"
      }
    }
  }
}
